
Microsoft Visual Studio Solution File, Format Version 12.00
# Visual Studio 15
VisualStudioVersion = 15.0.27428.2005
MinimumVisualStudioVersion = 10.0.40219.1
Project("{FAE04EC0-301F-11D3-BF4B-00C04F79EFBC}") = "Fichero", "Fichero\Fichero.csproj", "{B2AE78A5-ECFA-4EB5-83B3-0BFB42590D50}"
EndProject
Project("{FAE04EC0-301F-11D3-BF4B-00C04F79EFBC}") = "FicheroTests1", "FicheroTests1\FicheroTests1.csproj", "{CD69849E-90B4-4B76-8C4E-3E054498B644}"
EndProject
Global
	GlobalSection(SolutionConfigurationPlatforms) = preSolution
		Debug|Any CPU = Debug|Any CPU
		Release|Any CPU = Release|Any CPU
	EndGlobalSection
	GlobalSection(ProjectConfigurationPlatforms) = postSolution
		{B2AE78A5-ECFA-4EB5-83B3-0BFB42590D50}.Debug|Any CPU.ActiveCfg = Debug|Any CPU
		{B2AE78A5-ECFA-4EB5-83B3-0BFB42590D50}.Debug|Any CPU.Build.0 = Debug|Any CPU
		{B2AE78A5-ECFA-4EB5-83B3-0BFB42590D50}.Release|Any CPU.ActiveCfg = Release|Any CPU
		{B2AE78A5-ECFA-4EB5-83B3-0BFB42590D50}.Release|Any CPU.Build.0 = Release|Any CPU
		{CD69849E-90B4-4B76-8C4E-3E054498B644}.Debug|Any CPU.ActiveCfg = Debug|Any CPU
		{CD69849E-90B4-4B76-8C4E-3E054498B644}.Debug|Any CPU.Build.0 = Debug|Any CPU
		{CD69849E-90B4-4B76-8C4E-3E054498B644}.Release|Any CPU.ActiveCfg = Release|Any CPU
		{CD69849E-90B4-4B76-8C4E-3E054498B644}.Release|Any CPU.Build.0 = Release|Any CPU
	EndGlobalSection
	GlobalSection(SolutionProperties) = preSolution
		HideSolutionNode = FALSE
	EndGlobalSection
	GlobalSection(ExtensibilityGlobals) = postSolution
		SolutionGuid = {15345FA9-659B-4B34-BA53-507349484906}
	EndGlobalSection
EndGlobal
